
Microsoft Visual Studio Solution File, Format Version 12.00
# Visual Studio Version 17
VisualStudioVersion = 17.3.32929.385
MinimumVisualStudioVersion = 10.0.40219.1
Project("{FAE04EC0-301F-11D3-BF4B-00C04F79EFBC}") = "Domen", "Domen\Domen.csproj", "{52C6CCA6-F1D7-4CCB-B08E-221B7712EE9D}"
EndProject
Global
	GlobalSection(SolutionConfigurationPlatforms) = preSolution
		Debug|Any CPU = Debug|Any CPU
		Release|Any CPU = Release|Any CPU
	EndGlobalSection
	GlobalSection(ProjectConfigurationPlatforms) = postSolution
		{52C6CCA6-F1D7-4CCB-B08E-221B7712EE9D}.Debug|Any CPU.ActiveCfg = Debug|Any CPU
		{52C6CCA6-F1D7-4CCB-B08E-221B7712EE9D}.Debug|Any CPU.Build.0 = Debug|Any CPU
		{52C6CCA6-F1D7-4CCB-B08E-221B7712EE9D}.Release|Any CPU.ActiveCfg = Release|Any CPU
		{52C6CCA6-F1D7-4CCB-B08E-221B7712EE9D}.Release|Any CPU.Build.0 = Release|Any CPU
	EndGlobalSection
	GlobalSection(SolutionProperties) = preSolution
		HideSolutionNode = FALSE
	EndGlobalSection
	GlobalSection(ExtensibilityGlobals) = postSolution
		SolutionGuid = {A7201911-AE32-4B71-B9DE-C7CF9AB711F6}
	EndGlobalSection
EndGlobal
